<Solution>
  <Project Path="LearningPlatform.API/LearningPlatform.API.csproj" />
  <Project Path="LearningPlatform.Application/LearningPlatform.Application.csproj" />
  <Project Path="LearningPlatform.Domain/LearningPlatform.Domain.csproj" />
  <Project Path="LearningPlatform.Infrastructure/LearningPlatform.Infrastructure.csproj" />
</Solution>
